
Microsoft Visual Studio Solution File, Format Version 12.00
# Visual Studio Version 16
VisualStudioVersion = 16.0.29215.179
MinimumVisualStudioVersion = 10.0.40219.1
Project("{FAE04EC0-301F-11D3-BF4B-00C04F79EFBC}") = "CombateNaval", "CombateNaval\CombateNaval.csproj", "{156AC7AA-5E03-4BCF-96F4-1D7DC0F7BD29}"
EndProject
Global
	GlobalSection(SolutionConfigurationPlatforms) = preSolution
		Debug|Any CPU = Debug|Any CPU
		Release|Any CPU = Release|Any CPU
	EndGlobalSection
	GlobalSection(ProjectConfigurationPlatforms) = postSolution
		{156AC7AA-5E03-4BCF-96F4-1D7DC0F7BD29}.Debug|Any CPU.ActiveCfg = Debug|Any CPU
		{156AC7AA-5E03-4BCF-96F4-1D7DC0F7BD29}.Debug|Any CPU.Build.0 = Debug|Any CPU
		{156AC7AA-5E03-4BCF-96F4-1D7DC0F7BD29}.Release|Any CPU.ActiveCfg = Release|Any CPU
		{156AC7AA-5E03-4BCF-96F4-1D7DC0F7BD29}.Release|Any CPU.Build.0 = Release|Any CPU
	EndGlobalSection
	GlobalSection(SolutionProperties) = preSolution
		HideSolutionNode = FALSE
	EndGlobalSection
	GlobalSection(ExtensibilityGlobals) = postSolution
		SolutionGuid = {4CDC1F9F-2AD9-4DB9-9814-4983664F3896}
	EndGlobalSection
EndGlobal
